// !$*UTF8*$!
{
	archiveVersion = 1;
	classes = {
	};
	objectVersion = 51;
	objects = {

/* Begin PBXBuildFile section */
		56A6498C2422F68F0085A031 /* PostCell.swift in Sources */ = {isa = PBXBuildFile; fileRef = 56A6498B2422F68F0085A031 /* PostCell.swift */; };
		56D9DBCF241C5CAD000A9317 /* AppDelegate.swift in Sources */ = {isa = PBXBuildFile; fileRef = 56D9DBCE241C5CAD000A9317 /* AppDelegate.swift */; };
		56D9DBD1241C5CAD000A9317 /* SceneDelegate.swift in Sources */ = {isa = PBXBuildFile; fileRef = 56D9DBD0241C5CAD000A9317 /* SceneDelegate.swift */; };
		56D9DBD6241C5CAD000A9317 /* Main.storyboard in Resources */ = {isa = PBXBuildFile; fileRef = 56D9DBD4241C5CAD000A9317 /* Main.storyboard */; };
		56D9DBD8241C5CB1000A9317 /* Assets.xcassets in Resources */ = {isa = PBXBuildFile; fileRef = 56D9DBD7241C5CB1000A9317 /* Assets.xcassets */; };
		56D9DBDB241C5CB1000A9317 /* LaunchScreen.storyboard in Resources */ = {isa = PBXBuildFile; fileRef = 56D9DBD9241C5CB1000A9317 /* LaunchScreen.storyboard */; };
		56FCEE4824218D520032EB77 /* LoginViewController.swift in Sources */ = {isa = PBXBuildFile; fileRef = 56FCEE4724218D520032EB77 /* LoginViewController.swift */; };
		56FCEE4A24218D7D0032EB77 /* FeedViewController.swift in Sources */ = {isa = PBXBuildFile; fileRef = 56FCEE4924218D7D0032EB77 /* FeedViewController.swift */; };
		56FCEE4C242190230032EB77 /* Instagram.png in Resources */ = {isa = PBXBuildFile; fileRef = 56FCEE4B242190230032EB77 /* Instagram.png */; };
		56FCEE4E2421A32D0032EB77 /* CameraViewController.swift in Sources */ = {isa = PBXBuildFile; fileRef = 56FCEE4D2421A32D0032EB77 /* CameraViewController.swift */; };
		84D8E3E70EAEF49D8A820637 /* Pods_Parstagram.framework in Frameworks */ = {isa = PBXBuildFile; fileRef = 012ECF25202207E545487205 /* Pods_Parstagram.framework */; };
/* End PBXBuildFile section */

/* Begin PBXFileReference section */
		012ECF25202207E545487205 /* Pods_Parstagram.framework */ = {isa = PBXFileReference; explicitFileType = wrapper.framework; includeInIndex = 0; path = Pods_Parstagram.framework; sourceTree = BUILT_PRODUCTS_DIR; };
		56A6498B2422F68F0085A031 /* PostCell.swift */ = {isa = PBXFileReference; lastKnownFileType = sourcecode.swift; path = PostCell.swift; sourceTree = "<group>"; };
		56D9DBCB241C5CAD000A9317 /* Parstagram.app */ = {isa = PBXFileReference; explicitFileType = wrapper.application; includeInIndex = 0; path = Parstagram.app; sourceTree = BUILT_PRODUCTS_DIR; };
		56D9DBCE241C5CAD000A9317 /* AppDelegate.swift */ = {isa = PBXFileReference; lastKnownFileType = sourcecode.swift; path = AppDelegate.swift; sourceTree = "<group>"; };
		56D9DBD0241C5CAD000A9317 /* SceneDelegate.swift */ = {isa = PBXFileReference; lastKnownFileType = sourcecode.swift; path = SceneDelegate.swift; sourceTree = "<group>"; };
		56D9DBD5241C5CAD000A9317 /* Base */ = {isa = PBXFileReference; lastKnownFileType = file.storyboard; name = Base; path = Base.lproj/Main.storyboard; sourceTree = "<group>"; };
		56D9DBD7241C5CB1000A9317 /* Assets.xcassets */ = {isa = PBXFileReference; lastKnownFileType = folder.assetcatalog; path = Assets.xcassets; sourceTree = "<group>"; };
		56D9DBDA241C5CB1000A9317 /* Base */ = {isa = PBXFileReference; lastKnownFileType = file.storyboard; name = Base; path = Base.lproj/LaunchScreen.storyboard; sourceTree = "<group>"; };
		56D9DBDC241C5CB1000A9317 /* Info.plist */ = {isa = PBXFileReference; lastKnownFileType = text.plist.xml; path = Info.plist; sourceTree = "<group>"; };
		56FCEE4724218D520032EB77 /* LoginViewController.swift */ = {isa = PBXFileReference; lastKnownFileType = sourcecode.swift; path = LoginViewController.swift; sourceTree = "<group>"; };
		56FCEE4924218D7D0032EB77 /* FeedViewController.swift */ = {isa = PBXFileReference; lastKnownFileType = sourcecode.swift; path = FeedViewController.swift; sourceTree = "<group>"; };
		56FCEE4B242190230032EB77 /* Instagram.png */ = {isa = PBXFileReference; lastKnownFileType = image.png; path = Instagram.png; sourceTree = "<group>"; };
		56FCEE4D2421A32D0032EB77 /* CameraViewController.swift */ = {isa = PBXFileReference; lastKnownFileType = sourcecode.swift; path = CameraViewController.swift; sourceTree = "<group>"; };
		B24D67B92EAA57E3F012ECF6 /* Pods-Parstagram.release.xcconfig */ = {isa = PBXFileReference; includeInIndex = 1; lastKnownFileType = text.xcconfig; name = "Pods-Parstagram.release.xcconfig"; path = "Target Support Files/Pods-Parstagram/Pods-Parstagram.release.xcconfig"; sourceTree = "<group>"; };
		DCCF4C9021605C09F62BCFED /* Pods-Parstagram.debug.xcconfig */ = {isa = PBXFileReference; includeInIndex = 1; lastKnownFileType = text.xcconfig; name = "Pods-Parstagram.debug.xcconfig"; path = "Target Support Files/Pods-Parstagram/Pods-Parstagram.debug.xcconfig"; sourceTree = "<group>"; };
/* End PBXFileReference section */

/* Begin PBXFrameworksBuildPhase section */
		56D9DBC8241C5CAD000A9317 /* Frameworks */ = {
			isa = PBXFrameworksBuildPhase;
			buildActionMask = 2147483647;
			files = (
				84D8E3E70EAEF49D8A820637 /* Pods_Parstagram.framework in Frameworks */,
			);
			runOnlyForDeploymentPostprocessing = 0;
		};
/* End PBXFrameworksBuildPhase section */

/* Begin PBXGroup section */
		0A0AD3FA5C216AF63BF5540D /* Pods */ = {
			isa = PBXGroup;
			children = (
				DCCF4C9021605C09F62BCFED /* Pods-Parstagram.debug.xcconfig */,
				B24D67B92EAA57E3F012ECF6 /* Pods-Parstagram.release.xcconfig */,
			);
			path = Pods;
			sourceTree = "<group>";
		};
		56D9DBC2241C5CAD000A9317 = {
			isa = PBXGroup;
			children = (
				56D9DBCD241C5CAD000A9317 /* Parstagram */,
				56D9DBCC241C5CAD000A9317 /* Products */,
				0A0AD3FA5C216AF63BF5540D /* Pods */,
				A25C818F3DB709217685A836 /* Frameworks */,
			);
			sourceTree = "<group>";
		};
		56D9DBCC241C5CAD000A9317 /* Products */ = {
			isa = PBXGroup;
			children = (
				56D9DBCB241C5CAD000A9317 /* Parstagram.app */,
			);
			name = Products;
			sourceTree = "<group>";
		};
		56D9DBCD241C5CAD000A9317 /* Parstagram */ = {
			isa = PBXGroup;
			children = (
				56D9DBCE241C5CAD000A9317 /* AppDelegate.swift */,
				56D9DBD0241C5CAD000A9317 /* SceneDelegate.swift */,
				56D9DBD4241C5CAD000A9317 /* Main.storyboard */,
				56D9DBD7241C5CB1000A9317 /* Assets.xcassets */,
				56D9DBD9241C5CB1000A9317 /* LaunchScreen.storyboard */,
				56FCEE4B242190230032EB77 /* Instagram.png */,
				56D9DBDC241C5CB1000A9317 /* Info.plist */,
				56FCEE4724218D520032EB77 /* LoginViewController.swift */,
				56FCEE4924218D7D0032EB77 /* FeedViewController.swift */,
				56FCEE4D2421A32D0032EB77 /* CameraViewController.swift */,
				56A6498B2422F68F0085A031 /* PostCell.swift */,
			);
			path = Parstagram;
			sourceTree = "<group>";
		};
		A25C818F3DB709217685A836 /* Frameworks */ = {
			isa = PBXGroup;
			children = (
				012ECF25202207E545487205 /* Pods_Parstagram.framework */,
			);
			name = Frameworks;
			sourceTree = "<group>";
		};
/* End PBXGroup section */

/* Begin PBXNativeTarget section */
		56D9DBCA241C5CAD000A9317 /* Parstagram */ = {
			isa = PBXNativeTarget;
			buildConfigurationList = 56D9DBDF241C5CB1000A9317 /* Build configuration list for PBXNativeTarget "Parstagram" */;
			buildPhases = (
				8F915C4D3CE23AEAF90CD046 /* [CP] Check Pods Manifest.lock */,
				56D9DBC7241C5CAD000A9317 /* Sources */,
				56D9DBC8241C5CAD000A9317 /* Frameworks */,
				56D9DBC9241C5CAD000A9317 /* Resources */,
				FE1F52913CB786C782FD8FEA /* [CP] Embed Pods Frameworks */,
			);
			buildRules = (
			);
			dependencies = (
			);
			name = Parstagram;
			productName = Parstagram;
			productReference = 56D9DBCB241C5CAD000A9317 /* Parstagram.app */;
			productType = "com.apple.product-type.application";
		};
/* End PBXNativeTarget section */

/* Begin PBXProject section */
		56D9DBC3241C5CAD000A9317 /* Project object */ = {
			isa = PBXProject;
			attributes = {
				LastSwiftUpdateCheck = 1130;
				LastUpgradeCheck = 1130;
				ORGANIZATIONNAME = "Roy Perlman";
				TargetAttributes = {
					56D9DBCA241C5CAD000A9317 = {
						CreatedOnToolsVersion = 11.3.1;
					};
				};
			};
			buildConfigurationList = 56D9DBC6241C5CAD000A9317 /* Build configuration list for PBXProject "Parstagram" */;
			compatibilityVersion = "Xcode 9.3";
			developmentRegion = en;
			hasScannedForEncodings = 0;
			knownRegions = (
				en,
				Base,
			);
			mainGroup = 56D9DBC2241C5CAD000A9317;
			productRefGroup = 56D9DBCC241C5CAD000A9317 /* Products */;
			projectDirPath = "";
			projectRoot = "";
			targets = (
				56D9DBCA241C5CAD000A9317 /* Parstagram */,
			);
		};
/* End PBXProject section */

/* Begin PBXResourcesBuildPhase section */
		56D9DBC9241C5CAD000A9317 /* Resources */ = {
			isa = PBXResourcesBuildPhase;
			buildActionMask = 2147483647;
			files = (
				56D9DBDB241C5CB1000A9317 /* LaunchScreen.storyboard in Resources */,
				56D9DBD8241C5CB1000A9317 /* Assets.xcassets in Resources */,
				56FCEE4C242190230032EB77 /* Instagram.png in Resources */,
				56D9DBD6241C5CAD000A9317 /* Main.storyboard in Resources */,
			);
			runOnlyForDeploymentPostprocessing = 0;
		};
/* End PBXResourcesBuildPhase section */

/* Begin PBXShellScriptBuildPhase section */
		8F915C4D3CE23AEAF90CD046 /* [CP] Check Pods Manifest.lock */ = {
			isa = PBXShellScriptBuildPhase;
			buildActionMask = 2147483647;
			files = (
			);
			inputFileListPaths = (
			);
			inputPaths = (
				"${PODS_PODFILE_DIR_PATH}/Podfile.lock",
				"${PODS_ROOT}/Manifest.lock",
			);
			name = "[CP] Check Pods Manifest.lock";
			outputFileListPaths = (
			);
			outputPaths = (
				"$(DERIVED_FILE_DIR)/Pods-Parstagram-checkManifestLockResult.txt",
			);
			runOnlyForDeploymentPostprocessing = 0;
			shellPath = /bin/sh;
			shellScript = "diff \"${PODS_PODFILE_DIR_PATH}/Podfile.lock\" \"${PODS_ROOT}/Manifest.lock\" > /dev/null\nif [ $? != 0 ] ; then\n    # print error to STDERR\n    echo \"error: The sandbox is not in sync with the Podfile.lock. Run 'pod install' or update your CocoaPods installation.\" >&2\n    exit 1\nfi\n# This output is used by Xcode 'outputs' to avoid re-running this script phase.\necho \"SUCCESS\" > \"${SCRIPT_OUTPUT_FILE_0}\"\n";
			showEnvVarsInLog = 0;
		};
		FE1F52913CB786C782FD8FEA /* [CP] Embed Pods Frameworks */ = {
			isa = PBXShellScriptBuildPhase;
			buildActionMask = 2147483647;
			files = (
			);
			inputFileListPaths = (
				"${PODS_ROOT}/Target Support Files/Pods-Parstagram/Pods-Parstagram-frameworks-${CONFIGURATION}-input-files.xcfilelist",
			);
			name = "[CP] Embed Pods Frameworks";
			outputFileListPaths = (
				"${PODS_ROOT}/Target Support Files/Pods-Parstagram/Pods-Parstagram-frameworks-${CONFIGURATION}-output-files.xcfilelist",
			);
			runOnlyForDeploymentPostprocessing = 0;
			shellPath = /bin/sh;
			shellScript = "\"${PODS_ROOT}/Target Support Files/Pods-Parstagram/Pods-Parstagram-frameworks.sh\"\n";
			showEnvVarsInLog = 0;
		};
/* End PBXShellScriptBuildPhase section */

/* Begin PBXSourcesBuildPhase section */
		56D9DBC7241C5CAD000A9317 /* Sources */ = {
			isa = PBXSourcesBuildPhase;
			buildActionMask = 2147483647;
			files = (
				56FCEE4824218D520032EB77 /* LoginViewController.swift in Sources */,
				56FCEE4E2421A32D0032EB77 /* CameraViewController.swift in Sources */,
				56D9DBCF241C5CAD000A9317 /* AppDelegate.swift in Sources */,
				56FCEE4A24218D7D0032EB77 /* FeedViewController.swift in Sources */,
				56D9DBD1241C5CAD000A9317 /* SceneDelegate.swift in Sources */,
				56A6498C2422F68F0085A031 /* PostCell.swift in Sources */,
			);
			runOnlyForDeploymentPostprocessing = 0;
		};
/* End PBXSourcesBuildPhase section */

/* Begin PBXVariantGroup section */
		56D9DBD4241C5CAD000A9317 /* Main.storyboard */ = {
			isa = PBXVariantGroup;
			children = (
				56D9DBD5241C5CAD000A9317 /* Base */,
			);
			name = Main.storyboard;
			sourceTree = "<group>";
		};
		56D9DBD9241C5CB1000A9317 /* LaunchScreen.storyboard */ = {
			isa = PBXVariantGroup;
			children = (
				56D9DBDA241C5CB1000A9317 /* Base */,
			);
			name = LaunchScreen.storyboard;
			sourceTree = "<group>";
		};
/* End PBXVariantGroup section */

/* Begin XCBuildConfiguration section */
		56D9DBDD241C5CB1000A9317 /* Debug */ = {
			isa = XCBuildConfiguration;
			buildSettings = {
				ALWAYS_SEARCH_USER_PATHS = NO;
				CLANG_ANALYZER_NONNULL = YES;
				CLANG_ANALYZER_NUMBER_OBJECT_CONVERSION = YES_AGGRESSIVE;
				CLANG_CXX_LANGUAGE_STANDARD = "gnu++14";
				CLANG_CXX_LIBRARY = "libc++";
				CLANG_ENABLE_MODULES = YES;
				CLANG_ENABLE_OBJC_ARC = YES;
				CLANG_ENABLE_OBJC_WEAK = YES;
				CLANG_WARN_BLOCK_CAPTURE_AUTORELEASING = YES;
				CLANG_WARN_BOOL_CONVERSION = YES;
				CLANG_WARN_COMMA = YES;
				CLANG_WARN_CONSTANT_CONVERSION = YES;
				CLANG_WARN_DEPRECATED_OBJC_IMPLEMENTATIONS = YES;
				CLANG_WARN_DIRECT_OBJC_ISA_USAGE = YES_ERROR;
				CLANG_WARN_DOCUMENTATION_COMMENTS = YES;
				CLANG_WARN_EMPTY_BODY = YES;
				CLANG_WARN_ENUM_CONVERSION = YES;
				CLANG_WARN_INFINITE_RECURSION = YES;
				CLANG_WARN_INT_CONVERSION = YES;
				CLANG_WARN_NON_LITERAL_NULL_CONVERSION = YES;
				CLANG_WARN_OBJC_IMPLICIT_RETAIN_SELF = YES;
				CLANG_WARN_OBJC_LITERAL_CONVERSION = YES;
				CLANG_WARN_OBJC_ROOT_CLASS = YES_ERROR;
				CLANG_WARN_RANGE_LOOP_ANALYSIS = YES;
				CLANG_WARN_STRICT_PROTOTYPES = YES;
				CLANG_WARN_SUSPICIOUS_MOVE = YES;
				CLANG_WARN_UNGUARDED_AVAILABILITY = YES_AGGRESSIVE;
				CLANG_WARN_UNREACHABLE_CODE = YES;
				CLANG_WARN__DUPLICATE_METHOD_MATCH = YES;
				COPY_PHASE_STRIP = NO;
				DEBUG_INFORMATION_FORMAT = dwarf;
				ENABLE_STRICT_OBJC_MSGSEND = YES;
				ENABLE_TESTABILITY = YES;
				GCC_C_LANGUAGE_STANDARD = gnu11;
				GCC_DYNAMIC_NO_PIC = NO;
				GCC_NO_COMMON_BLOCKS = YES;
				GCC_OPTIMIZATION_LEVEL = 0;
				GCC_PREPROCESSOR_DEFINITIONS = (
					"DEBUG=1",
					"$(inherited)",
				);
				GCC_WARN_64_TO_32_BIT_CONVERSION = YES;
				GCC_WARN_ABOUT_RETURN_TYPE = YES_ERROR;
				GCC_WARN_UNDECLARED_SELECTOR = YES;
				GCC_WARN_UNINITIALIZED_AUTOS = YES_AGGRESSIVE;
				GCC_WARN_UNUSED_FUNCTION = YES;
				GCC_WARN_UNUSED_VARIABLE = YES;
				IPHONEOS_DEPLOYMENT_TARGET = 13.2;
				MTL_ENABLE_DEBUG_INFO = INCLUDE_SOURCE;
				MTL_FAST_MATH = YES;
				ONLY_ACTIVE_ARCH = YES;
				SDKROOT = iphoneos;
				SWIFT_ACTIVE_COMPILATION_CONDITIONS = DEBUG;
				SWIFT_OPTIMIZATION_LEVEL = "-Onone";
			};
			name = Debug;
		};
		56D9DBDE241C5CB1000A9317 /* Release */ = {
			isa = XCBuildConfiguration;
			buildSettings = {
				ALWAYS_SEARCH_USER_PATHS = NO;
				CLANG_ANALYZER_NONNULL = YES;
				CLANG_ANALYZER_NUMBER_OBJECT_CONVERSION = YES_AGGRESSIVE;
				CLANG_CXX_LANGUAGE_STANDARD = "gnu++14";
				CLANG_CXX_LIBRARY = "libc++";
				CLANG_ENABLE_MODULES = YES;
				CLANG_ENABLE_OBJC_ARC = YES;
				CLANG_ENABLE_OBJC_WEAK = YES;
				CLANG_WARN_BLOCK_CAPTURE_AUTORELEASING = YES;
				CLANG_WARN_BOOL_CONVERSION = YES;
				CLANG_WARN_COMMA = YES;
				CLANG_WARN_CONSTANT_CONVERSION = YES;
				CLANG_WARN_DEPRECATED_OBJC_IMPLEMENTATIONS = YES;
				CLANG_WARN_DIRECT_OBJC_ISA_USAGE = YES_ERROR;
				CLANG_WARN_DOCUMENTATION_COMMENTS = YES;
				CLANG_WARN_EMPTY_BODY = YES;
				CLANG_WARN_ENUM_CONVERSION = YES;
				CLANG_WARN_INFINITE_RECURSION = YES;
				CLANG_WARN_INT_CONVERSION = YES;
				CLANG_WARN_NON_LITERAL_NULL_CONVERSION = YES;
				CLANG_WARN_OBJC_IMPLICIT_RETAIN_SELF = YES;
				CLANG_WARN_OBJC_LITERAL_CONVERSION = YES;
				CLANG_WARN_OBJC_ROOT_CLASS = YES_ERROR;
				CLANG_WARN_RANGE_LOOP_ANALYSIS = YES;
				CLANG_WARN_STRICT_PROTOTYPES = YES;
				CLANG_WARN_SUSPICIOUS_MOVE = YES;
				CLANG_WARN_UNGUARDED_AVAILABILITY = YES_AGGRESSIVE;
				CLANG_WARN_UNREACHABLE_CODE = YES;
				CLANG_WARN__DUPLICATE_METHOD_MATCH = YES;
				COPY_PHASE_STRIP = NO;
				DEBUG_INFORMATION_FORMAT = "dwarf-with-dsym";
				ENABLE_NS_ASSERTIONS = NO;
				ENABLE_STRICT_OBJC_MSGSEND = YES;
				GCC_C_LANGUAGE_STANDARD = gnu11;
				GCC_NO_COMMON_BLOCKS = YES;
				GCC_WARN_64_TO_32_BIT_CONVERSION = YES;
				GCC_WARN_ABOUT_RETURN_TYPE = YES_ERROR;
				GCC_WARN_UNDECLARED_SELECTOR = YES;
				GCC_WARN_UNINITIALIZED_AUTOS = YES_AGGRESSIVE;
				GCC_WARN_UNUSED_FUNCTION = YES;
				GCC_WARN_UNUSED_VARIABLE = YES;
				IPHONEOS_DEPLOYMENT_TARGET = 13.2;
				MTL_ENABLE_DEBUG_INFO = NO;
				MTL_FAST_MATH = YES;
				SDKROOT = iphoneos;
				SWIFT_COMPILATION_MODE = wholemodule;
				SWIFT_OPTIMIZATION_LEVEL = "-O";
				VALIDATE_PRODUCT = YES;
			};
			name = Release;
		};
		56D9DBE0241C5CB1000A9317 /* Debug */ = {
			isa = XCBuildConfiguration;
			baseConfigurationReference = DCCF4C9021605C09F62BCFED /* Pods-Parstagram.debug.xcconfig */;
			buildSettings = {
				ASSETCATALOG_COMPILER_APPICON_NAME = AppIcon;
				CODE_SIGN_STYLE = Automatic;
				INFOPLIST_FILE = Parstagram/Info.plist;
				LD_RUNPATH_SEARCH_PATHS = (
					"$(inherited)",
					"@executable_path/Frameworks",
				);
				PRODUCT_BUNDLE_IDENTIFIER = Perlman.Parstagram;
				PRODUCT_NAME = "$(TARGET_NAME)";
				SWIFT_VERSION = 5.0;
				TARGETED_DEVICE_FAMILY = "1,2";
			};
			name = Debug;
		};
		56D9DBE1241C5CB1000A9317 /* Release */ = {
			isa = XCBuildConfiguration;
			baseConfigurationReference = B24D67B92EAA57E3F012ECF6 /* Pods-Parstagram.release.xcconfig */;
			buildSettings = {
				ASSETCATALOG_COMPILER_APPICON_NAME = AppIcon;
				CODE_SIGN_STYLE = Automatic;
				INFOPLIST_FILE = Parstagram/Info.plist;
				LD_RUNPATH_SEARCH_PATHS = (
					"$(inherited)",
					"@executable_path/Frameworks",
				);
				PRODUCT_BUNDLE_IDENTIFIER = Perlman.Parstagram;
				PRODUCT_NAME = "$(TARGET_NAME)";
				SWIFT_VERSION = 5.0;
				TARGETED_DEVICE_FAMILY = "1,2";
			};
			name = Release;
		};
/* End XCBuildConfiguration section */

/* Begin XCConfigurationList section */
		56D9DBC6241C5CAD000A9317 /* Build configuration list for PBXProject "Parstagram" */ = {
			isa = XCConfigurationList;
			buildConfigurations = (
				56D9DBDD241C5CB1000A9317 /* Debug */,
				56D9DBDE241C5CB1000A9317 /* Release */,
			);
			defaultConfigurationIsVisible = 0;
			defaultConfigurationName = Release;
		};
		56D9DBDF241C5CB1000A9317 /* Build configuration list for PBXNativeTarget "Parstagram" */ = {
			isa = XCConfigurationList;
			buildConfigurations = (
				56D9DBE0241C5CB1000A9317 /* Debug */,
				56D9DBE1241C5CB1000A9317 /* Release */,
			);
			defaultConfigurationIsVisible = 0;
			defaultConfigurationName = Release;
		};
/* End XCConfigurationList section */
	};
	rootObject = 56D9DBC3241C5CAD000A9317 /* Project object */;
}
